
Microsoft Visual Studio Solution File, Format Version 12.00
# Visual Studio Version 17
VisualStudioVersion = 17.4.33103.184
MinimumVisualStudioVersion = 10.0.40219.1
Project("{FAE04EC0-301F-11D3-BF4B-00C04F79EFBC}") = "MonoTanx", "MonoTanx\MonoTanx.csproj", "{5FCCF67B-422C-4A37-80DC-F7E433B3FC48}"
EndProject
Global
	GlobalSection(SolutionConfigurationPlatforms) = preSolution
		Debug|Any CPU = Debug|Any CPU
		Release|Any CPU = Release|Any CPU
	EndGlobalSection
	GlobalSection(ProjectConfigurationPlatforms) = postSolution
		{5FCCF67B-422C-4A37-80DC-F7E433B3FC48}.Debug|Any CPU.ActiveCfg = Debug|Any CPU
		{5FCCF67B-422C-4A37-80DC-F7E433B3FC48}.Debug|Any CPU.Build.0 = Debug|Any CPU
		{5FCCF67B-422C-4A37-80DC-F7E433B3FC48}.Release|Any CPU.ActiveCfg = Release|Any CPU
		{5FCCF67B-422C-4A37-80DC-F7E433B3FC48}.Release|Any CPU.Build.0 = Release|Any CPU
	EndGlobalSection
	GlobalSection(SolutionProperties) = preSolution
		HideSolutionNode = FALSE
	EndGlobalSection
	GlobalSection(ExtensibilityGlobals) = postSolution
		SolutionGuid = {1098FF04-4E62-498A-9F23-CD745E374F00}
	EndGlobalSection
EndGlobal
